
Microsoft Visual Studio Solution File, Format Version 12.00
# Visual Studio Version 16
VisualStudioVersion = 16.0.32106.194
MinimumVisualStudioVersion = 10.0.40219.1
Project("{9A19103F-16F7-4668-BE54-9A1E7A4F7556}") = "SweProject", "SweProject.csproj", "{996202E0-58B8-4E94-9914-1410F0B4A3C8}"
EndProject
Global
	GlobalSection(SolutionConfigurationPlatforms) = preSolution
		Debug|Any CPU = Debug|Any CPU
		Release|Any CPU = Release|Any CPU
	EndGlobalSection
	GlobalSection(ProjectConfigurationPlatforms) = postSolution
		{996202E0-58B8-4E94-9914-1410F0B4A3C8}.Debug|Any CPU.ActiveCfg = Debug|Any CPU
		{996202E0-58B8-4E94-9914-1410F0B4A3C8}.Debug|Any CPU.Build.0 = Debug|Any CPU
		{996202E0-58B8-4E94-9914-1410F0B4A3C8}.Release|Any CPU.ActiveCfg = Release|Any CPU
		{996202E0-58B8-4E94-9914-1410F0B4A3C8}.Release|Any CPU.Build.0 = Release|Any CPU
	EndGlobalSection
	GlobalSection(SolutionProperties) = preSolution
		HideSolutionNode = FALSE
	EndGlobalSection
	GlobalSection(ExtensibilityGlobals) = postSolution
		SolutionGuid = {59E46D26-C86D-497E-8CF0-D3CDB119F67E}
	EndGlobalSection
EndGlobal
